
Microsoft Visual Studio Solution File, Format Version 12.00
# Visual Studio Version 16
VisualStudioVersion = 16.0.31424.327
MinimumVisualStudioVersion = 10.0.40219.1
Project("{9A19103F-16F7-4668-BE54-9A1E7A4F7556}") = "CircuitBreaker", "CircuitBreaker\CircuitBreaker.csproj", "{904549FE-B7CD-4E19-AAFC-78E53E283283}"
EndProject
Project("{FAE04EC0-301F-11D3-BF4B-00C04F79EFBC}") = "CircuitBreaker.Test", "CircuitBreaker.Test\CircuitBreaker.Test.csproj", "{AFC3F4AD-64E8-4C9E-A70D-9F482B000676}"
EndProject
Global
	GlobalSection(SolutionConfigurationPlatforms) = preSolution
		Debug|Any CPU = Debug|Any CPU
		Release|Any CPU = Release|Any CPU
	EndGlobalSection
	GlobalSection(ProjectConfigurationPlatforms) = postSolution
		{904549FE-B7CD-4E19-AAFC-78E53E283283}.Debug|Any CPU.ActiveCfg = Debug|Any CPU
		{904549FE-B7CD-4E19-AAFC-78E53E283283}.Debug|Any CPU.Build.0 = Debug|Any CPU
		{904549FE-B7CD-4E19-AAFC-78E53E283283}.Release|Any CPU.ActiveCfg = Release|Any CPU
		{904549FE-B7CD-4E19-AAFC-78E53E283283}.Release|Any CPU.Build.0 = Release|Any CPU
		{AFC3F4AD-64E8-4C9E-A70D-9F482B000676}.Debug|Any CPU.ActiveCfg = Debug|Any CPU
		{AFC3F4AD-64E8-4C9E-A70D-9F482B000676}.Debug|Any CPU.Build.0 = Debug|Any CPU
		{AFC3F4AD-64E8-4C9E-A70D-9F482B000676}.Release|Any CPU.ActiveCfg = Release|Any CPU
		{AFC3F4AD-64E8-4C9E-A70D-9F482B000676}.Release|Any CPU.Build.0 = Release|Any CPU
	EndGlobalSection
	GlobalSection(SolutionProperties) = preSolution
		HideSolutionNode = FALSE
	EndGlobalSection
	GlobalSection(ExtensibilityGlobals) = postSolution
		SolutionGuid = {B89FE783-1255-4FDC-9FBB-A15E4DE0DB04}
	EndGlobalSection
EndGlobal
